
Microsoft Visual Studio Solution File, Format Version 12.00
# Visual Studio Version 17
VisualStudioVersion = 17.14.36401.2
MinimumVisualStudioVersion = 10.0.40219.1
Project("{2150E333-8FDC-42A3-9474-1A3956D46DE8}") = "Src", "Src", "{02EA681E-C7D8-13C7-8484-4AC65E1B71E8}"
EndProject
Project("{2150E333-8FDC-42A3-9474-1A3956D46DE8}") = "Docs", "Docs", "{8E334336-4523-4464-AAE0-CBB93AAF255A}"
EndProject
Project("{2150E333-8FDC-42A3-9474-1A3956D46DE8}") = "Test", "Test", "{731BAEBE-6257-4F57-9541-D70957417736}"
EndProject
Project("{2150E333-8FDC-42A3-9474-1A3956D46DE8}") = "Api", "Api", "{D12E2693-6FB6-4249-8597-3F91B435110D}"
EndProject
Project("{2150E333-8FDC-42A3-9474-1A3956D46DE8}") = "Infrastructure", "Infrastructure", "{6A461247-69EB-42ED-9424-B0E48D2296CF}"
EndProject
Project("{2150E333-8FDC-42A3-9474-1A3956D46DE8}") = "Core", "Core", "{94245028-EAAB-4C8E-9BB4-D6EA5042162C}"
EndProject
Project("{2150E333-8FDC-42A3-9474-1A3956D46DE8}") = "Common", "Common", "{4C6133CD-5839-40FD-8A19-7C56BFB4EDC6}"
EndProject
Project("{FAE04EC0-301F-11D3-BF4B-00C04F79EFBC}") = "ProductService.Domain", "ProductService.Domain\ProductService.Domain.csproj", "{6FCD80DD-C67A-42C8-8723-95E93381EA14}"
EndProject
Project("{FAE04EC0-301F-11D3-BF4B-00C04F79EFBC}") = "ProductService.Application", "ProductService.Application\ProductService.Application.csproj", "{CFC59B65-D28B-4769-AEC0-9F7397B364C5}"
EndProject
Project("{FAE04EC0-301F-11D3-BF4B-00C04F79EFBC}") = "ProductService.Infrastructure", "ProductService.Infrastructure\ProductService.Infrastructure.csproj", "{44461BE1-C4CD-45C0-9421-53E96541858F}"
EndProject
Project("{FAE04EC0-301F-11D3-BF4B-00C04F79EFBC}") = "ProductService.Persistence", "ProductService.Persistence\ProductService.Persistence.csproj", "{45E1B1DD-5CD2-46BD-BDEB-CAAF99BD9D3E}"
EndProject
Project("{FAE04EC0-301F-11D3-BF4B-00C04F79EFBC}") = "ProductService.Api", "ProductService.Api\ProductService.Api.csproj", "{754D016B-DBB5-4064-BF85-AAC3684A3F35}"
EndProject
Project("{FAE04EC0-301F-11D3-BF4B-00C04F79EFBC}") = "ProductApp.Application.Test", "ProductApp.Application.Test\ProductApp.Application.Test.csproj", "{852613D4-77E1-4E28-BE2B-C5F0B0F8FBFD}"
EndProject
Global
	GlobalSection(SolutionConfigurationPlatforms) = preSolution
		Debug|Any CPU = Debug|Any CPU
		Release|Any CPU = Release|Any CPU
	EndGlobalSection
	GlobalSection(ProjectConfigurationPlatforms) = postSolution
		{6FCD80DD-C67A-42C8-8723-95E93381EA14}.Debug|Any CPU.ActiveCfg = Debug|Any CPU
		{6FCD80DD-C67A-42C8-8723-95E93381EA14}.Debug|Any CPU.Build.0 = Debug|Any CPU
		{6FCD80DD-C67A-42C8-8723-95E93381EA14}.Release|Any CPU.ActiveCfg = Release|Any CPU
		{6FCD80DD-C67A-42C8-8723-95E93381EA14}.Release|Any CPU.Build.0 = Release|Any CPU
		{CFC59B65-D28B-4769-AEC0-9F7397B364C5}.Debug|Any CPU.ActiveCfg = Debug|Any CPU
		{CFC59B65-D28B-4769-AEC0-9F7397B364C5}.Debug|Any CPU.Build.0 = Debug|Any CPU
		{CFC59B65-D28B-4769-AEC0-9F7397B364C5}.Release|Any CPU.ActiveCfg = Release|Any CPU
		{CFC59B65-D28B-4769-AEC0-9F7397B364C5}.Release|Any CPU.Build.0 = Release|Any CPU
		{44461BE1-C4CD-45C0-9421-53E96541858F}.Debug|Any CPU.ActiveCfg = Debug|Any CPU
		{44461BE1-C4CD-45C0-9421-53E96541858F}.Debug|Any CPU.Build.0 = Debug|Any CPU
		{44461BE1-C4CD-45C0-9421-53E96541858F}.Release|Any CPU.ActiveCfg = Release|Any CPU
		{44461BE1-C4CD-45C0-9421-53E96541858F}.Release|Any CPU.Build.0 = Release|Any CPU
		{45E1B1DD-5CD2-46BD-BDEB-CAAF99BD9D3E}.Debug|Any CPU.ActiveCfg = Debug|Any CPU
		{45E1B1DD-5CD2-46BD-BDEB-CAAF99BD9D3E}.Debug|Any CPU.Build.0 = Debug|Any CPU
		{45E1B1DD-5CD2-46BD-BDEB-CAAF99BD9D3E}.Release|Any CPU.ActiveCfg = Release|Any CPU
		{45E1B1DD-5CD2-46BD-BDEB-CAAF99BD9D3E}.Release|Any CPU.Build.0 = Release|Any CPU
		{754D016B-DBB5-4064-BF85-AAC3684A3F35}.Debug|Any CPU.ActiveCfg = Debug|Any CPU
		{754D016B-DBB5-4064-BF85-AAC3684A3F35}.Debug|Any CPU.Build.0 = Debug|Any CPU
		{754D016B-DBB5-4064-BF85-AAC3684A3F35}.Release|Any CPU.ActiveCfg = Release|Any CPU
		{754D016B-DBB5-4064-BF85-AAC3684A3F35}.Release|Any CPU.Build.0 = Release|Any CPU
		{852613D4-77E1-4E28-BE2B-C5F0B0F8FBFD}.Debug|Any CPU.ActiveCfg = Debug|Any CPU
		{852613D4-77E1-4E28-BE2B-C5F0B0F8FBFD}.Debug|Any CPU.Build.0 = Debug|Any CPU
		{852613D4-77E1-4E28-BE2B-C5F0B0F8FBFD}.Release|Any CPU.ActiveCfg = Release|Any CPU
		{852613D4-77E1-4E28-BE2B-C5F0B0F8FBFD}.Release|Any CPU.Build.0 = Release|Any CPU
	EndGlobalSection
	GlobalSection(SolutionProperties) = preSolution
		HideSolutionNode = FALSE
	EndGlobalSection
	GlobalSection(NestedProjects) = preSolution
		{D12E2693-6FB6-4249-8597-3F91B435110D} = {02EA681E-C7D8-13C7-8484-4AC65E1B71E8}
		{6A461247-69EB-42ED-9424-B0E48D2296CF} = {02EA681E-C7D8-13C7-8484-4AC65E1B71E8}
		{94245028-EAAB-4C8E-9BB4-D6EA5042162C} = {02EA681E-C7D8-13C7-8484-4AC65E1B71E8}
		{4C6133CD-5839-40FD-8A19-7C56BFB4EDC6} = {02EA681E-C7D8-13C7-8484-4AC65E1B71E8}
		{6FCD80DD-C67A-42C8-8723-95E93381EA14} = {94245028-EAAB-4C8E-9BB4-D6EA5042162C}
		{CFC59B65-D28B-4769-AEC0-9F7397B364C5} = {94245028-EAAB-4C8E-9BB4-D6EA5042162C}
		{44461BE1-C4CD-45C0-9421-53E96541858F} = {6A461247-69EB-42ED-9424-B0E48D2296CF}
		{45E1B1DD-5CD2-46BD-BDEB-CAAF99BD9D3E} = {6A461247-69EB-42ED-9424-B0E48D2296CF}
		{754D016B-DBB5-4064-BF85-AAC3684A3F35} = {D12E2693-6FB6-4249-8597-3F91B435110D}
		{852613D4-77E1-4E28-BE2B-C5F0B0F8FBFD} = {731BAEBE-6257-4F57-9541-D70957417736}
	EndGlobalSection
	GlobalSection(ExtensibilityGlobals) = postSolution
		SolutionGuid = {15650C7A-A96B-4E5A-BFC3-23A42E416AE6}
	EndGlobalSection
EndGlobal
